// !$*UTF8*$!
{
	archiveVersion = 1;
	classes = {
	};
	objectVersion = 46;
	objects = {

/* Begin PBXBuildFile section */
		070D164E1C22980E00484DD1 /* AppDelegate.swift in Sources */ = {isa = PBXBuildFile; fileRef = 070D164D1C22980E00484DD1 /* AppDelegate.swift */; };
		070D16501C22980E00484DD1 /* PhotoBrowserCollectionViewController.swift in Sources */ = {isa = PBXBuildFile; fileRef = 070D164F1C22980E00484DD1 /* PhotoBrowserCollectionViewController.swift */; };
		070D16521C22980E00484DD1 /* SecondViewController.swift in Sources */ = {isa = PBXBuildFile; fileRef = 070D16511C22980E00484DD1 /* SecondViewController.swift */; };
		070D16551C22980E00484DD1 /* Main.storyboard in Resources */ = {isa = PBXBuildFile; fileRef = 070D16531C22980E00484DD1 /* Main.storyboard */; };
		070D16571C22980E00484DD1 /* Assets.xcassets in Resources */ = {isa = PBXBuildFile; fileRef = 070D16561C22980E00484DD1 /* Assets.xcassets */; };
		070D165A1C22980E00484DD1 /* LaunchScreen.storyboard in Resources */ = {isa = PBXBuildFile; fileRef = 070D16581C22980E00484DD1 /* LaunchScreen.storyboard */; };
		070D16651C22980E00484DD1 /* AlamofireTestTests.swift in Sources */ = {isa = PBXBuildFile; fileRef = 070D16641C22980E00484DD1 /* AlamofireTestTests.swift */; };
		070D16871C22991B00484DD1 /* Alamofire.framework in Frameworks */ = {isa = PBXBuildFile; fileRef = 070D167A1C2298F200484DD1 /* Alamofire.framework */; };
		070D168B1C22AF5F00484DD1 /* Five100px.swift in Sources */ = {isa = PBXBuildFile; fileRef = 070D168A1C22AF5F00484DD1 /* Five100px.swift */; };
		070D168D1C22BDB500484DD1 /* PhotoViewerViewController.swift in Sources */ = {isa = PBXBuildFile; fileRef = 070D168C1C22BDB500484DD1 /* PhotoViewerViewController.swift */; };
		070D16961C23FE3000484DD1 /* PhotoCommentsViewController.swift in Sources */ = {isa = PBXBuildFile; fileRef = 070D16941C23FE3000484DD1 /* PhotoCommentsViewController.swift */; };
		070D16971C23FE3000484DD1 /* PhotoDetailsViewController.swift in Sources */ = {isa = PBXBuildFile; fileRef = 070D16951C23FE3000484DD1 /* PhotoDetailsViewController.swift */; };
/* End PBXBuildFile section */

/* Begin PBXContainerItemProxy section */
		070D16611C22980E00484DD1 /* PBXContainerItemProxy */ = {
			isa = PBXContainerItemProxy;
			containerPortal = 070D16421C22980E00484DD1 /* Project object */;
			proxyType = 1;
			remoteGlobalIDString = 070D16491C22980E00484DD1;
			remoteInfo = AlamofireTest;
		};
		070D16791C2298F200484DD1 /* PBXContainerItemProxy */ = {
			isa = PBXContainerItemProxy;
			containerPortal = 070D166F1C2298F200484DD1 /* Alamofire.xcodeproj */;
			proxyType = 2;
			remoteGlobalIDString = F8111E3319A95C8B0040E7D1;
			remoteInfo = "Alamofire iOS";
		};
		070D167B1C2298F200484DD1 /* PBXContainerItemProxy */ = {
			isa = PBXContainerItemProxy;
			containerPortal = 070D166F1C2298F200484DD1 /* Alamofire.xcodeproj */;
			proxyType = 2;
			remoteGlobalIDString = F8111E3E19A95C8B0040E7D1;
			remoteInfo = "Alamofire iOS Tests";
		};
		070D167D1C2298F200484DD1 /* PBXContainerItemProxy */ = {
			isa = PBXContainerItemProxy;
			containerPortal = 070D166F1C2298F200484DD1 /* Alamofire.xcodeproj */;
			proxyType = 2;
			remoteGlobalIDString = 4DD67C0B1A5C55C900ED2280;
			remoteInfo = "Alamofire OSX";
		};
		070D167F1C2298F200484DD1 /* PBXContainerItemProxy */ = {
			isa = PBXContainerItemProxy;
			containerPortal = 070D166F1C2298F200484DD1 /* Alamofire.xcodeproj */;
			proxyType = 2;
			remoteGlobalIDString = F829C6B21A7A94F100A2CD59;
			remoteInfo = "Alamofire OSX Tests";
		};
		070D16811C2298F200484DD1 /* PBXContainerItemProxy */ = {
			isa = PBXContainerItemProxy;
			containerPortal = 070D166F1C2298F200484DD1 /* Alamofire.xcodeproj */;
			proxyType = 2;
			remoteGlobalIDString = 4CF626EF1BA7CB3E0011A099;
			remoteInfo = "Alamofire tvOS";
		};
		070D16831C2298F200484DD1 /* PBXContainerItemProxy */ = {
			isa = PBXContainerItemProxy;
			containerPortal = 070D166F1C2298F200484DD1 /* Alamofire.xcodeproj */;
			proxyType = 2;
			remoteGlobalIDString = 4CF626F81BA7CB3E0011A099;
			remoteInfo = "Alamofire tvOS Tests";
		};
		070D16851C2298F200484DD1 /* PBXContainerItemProxy */ = {
			isa = PBXContainerItemProxy;
			containerPortal = 070D166F1C2298F200484DD1 /* Alamofire.xcodeproj */;
			proxyType = 2;
			remoteGlobalIDString = E4202FE01B667AA100C997FB;
			remoteInfo = "Alamofire watchOS";
		};
		070D16921C22CEAA00484DD1 /* PBXContainerItemProxy */ = {
			isa = PBXContainerItemProxy;
			containerPortal = 070D166F1C2298F200484DD1 /* Alamofire.xcodeproj */;
			proxyType = 1;
			remoteGlobalIDString = F8111E3219A95C8B0040E7D1;
			remoteInfo = "Alamofire iOS";
		};
/* End PBXContainerItemProxy section */

/* Begin PBXFileReference section */
		070D164A1C22980E00484DD1 /* AlamofireTest.app */ = {isa = PBXFileReference; explicitFileType = wrapper.application; includeInIndex = 0; path = AlamofireTest.app; sourceTree = BUILT_PRODUCTS_DIR; };
		070D164D1C22980E00484DD1 /* AppDelegate.swift */ = {isa = PBXFileReference; lastKnownFileType = sourcecode.swift; path = AppDelegate.swift; sourceTree = "<group>"; };
		070D164F1C22980E00484DD1 /* PhotoBrowserCollectionViewController.swift */ = {isa = PBXFileReference; lastKnownFileType = sourcecode.swift; path = PhotoBrowserCollectionViewController.swift; sourceTree = "<group>"; };
		070D16511C22980E00484DD1 /* SecondViewController.swift */ = {isa = PBXFileReference; lastKnownFileType = sourcecode.swift; path = SecondViewController.swift; sourceTree = "<group>"; };
		070D16541C22980E00484DD1 /* Base */ = {isa = PBXFileReference; lastKnownFileType = file.storyboard; name = Base; path = Base.lproj/Main.storyboard; sourceTree = "<group>"; };
		070D16561C22980E00484DD1 /* Assets.xcassets */ = {isa = PBXFileReference; lastKnownFileType = folder.assetcatalog; path = Assets.xcassets; sourceTree = "<group>"; };
		070D16591C22980E00484DD1 /* Base */ = {isa = PBXFileReference; lastKnownFileType = file.storyboard; name = Base; path = Base.lproj/LaunchScreen.storyboard; sourceTree = "<group>"; };
		070D165B1C22980E00484DD1 /* Info.plist */ = {isa = PBXFileReference; lastKnownFileType = text.plist.xml; path = Info.plist; sourceTree = "<group>"; };
		070D16601C22980E00484DD1 /* AlamofireTestTests.xctest */ = {isa = PBXFileReference; explicitFileType = wrapper.cfbundle; includeInIndex = 0; path = AlamofireTestTests.xctest; sourceTree = BUILT_PRODUCTS_DIR; };
		070D16641C22980E00484DD1 /* AlamofireTestTests.swift */ = {isa = PBXFileReference; lastKnownFileType = sourcecode.swift; path = AlamofireTestTests.swift; sourceTree = "<group>"; };
		070D16661C22980E00484DD1 /* Info.plist */ = {isa = PBXFileReference; lastKnownFileType = text.plist.xml; path = Info.plist; sourceTree = "<group>"; };
		070D166F1C2298F200484DD1 /* Alamofire.xcodeproj */ = {isa = PBXFileReference; lastKnownFileType = "wrapper.pb-project"; name = Alamofire.xcodeproj; path = Alamofire/Alamofire.xcodeproj; sourceTree = "<group>"; };
		070D168A1C22AF5F00484DD1 /* Five100px.swift */ = {isa = PBXFileReference; fileEncoding = 4; lastKnownFileType = sourcecode.swift; path = Five100px.swift; sourceTree = "<group>"; };
		070D168C1C22BDB500484DD1 /* PhotoViewerViewController.swift */ = {isa = PBXFileReference; fileEncoding = 4; lastKnownFileType = sourcecode.swift; path = PhotoViewerViewController.swift; sourceTree = "<group>"; };
		070D16941C23FE3000484DD1 /* PhotoCommentsViewController.swift */ = {isa = PBXFileReference; fileEncoding = 4; lastKnownFileType = sourcecode.swift; path = PhotoCommentsViewController.swift; sourceTree = "<group>"; };
		070D16951C23FE3000484DD1 /* PhotoDetailsViewController.swift */ = {isa = PBXFileReference; fileEncoding = 4; lastKnownFileType = sourcecode.swift; path = PhotoDetailsViewController.swift; sourceTree = "<group>"; };
/* End PBXFileReference section */

/* Begin PBXFrameworksBuildPhase section */
		070D16471C22980E00484DD1 /* Frameworks */ = {
			isa = PBXFrameworksBuildPhase;
			buildActionMask = 2147483647;
			files = (
				070D16871C22991B00484DD1 /* Alamofire.framework in Frameworks */,
			);
			runOnlyForDeploymentPostprocessing = 0;
		};
		070D165D1C22980E00484DD1 /* Frameworks */ = {
			isa = PBXFrameworksBuildPhase;
			buildActionMask = 2147483647;
			files = (
			);
			runOnlyForDeploymentPostprocessing = 0;
		};
/* End PBXFrameworksBuildPhase section */

/* Begin PBXGroup section */
		070D16411C22980E00484DD1 = {
			isa = PBXGroup;
			children = (
				070D166F1C2298F200484DD1 /* Alamofire.xcodeproj */,
				070D164C1C22980E00484DD1 /* AlamofireTest */,
				070D16631C22980E00484DD1 /* AlamofireTestTests */,
				070D164B1C22980E00484DD1 /* Products */,
			);
			sourceTree = "<group>";
		};
		070D164B1C22980E00484DD1 /* Products */ = {
			isa = PBXGroup;
			children = (
				070D164A1C22980E00484DD1 /* AlamofireTest.app */,
				070D16601C22980E00484DD1 /* AlamofireTestTests.xctest */,
			);
			name = Products;
			sourceTree = "<group>";
		};
		070D164C1C22980E00484DD1 /* AlamofireTest */ = {
			isa = PBXGroup;
			children = (
				070D16941C23FE3000484DD1 /* PhotoCommentsViewController.swift */,
				070D16951C23FE3000484DD1 /* PhotoDetailsViewController.swift */,
				070D168C1C22BDB500484DD1 /* PhotoViewerViewController.swift */,
				070D168A1C22AF5F00484DD1 /* Five100px.swift */,
				070D164D1C22980E00484DD1 /* AppDelegate.swift */,
				070D164F1C22980E00484DD1 /* PhotoBrowserCollectionViewController.swift */,
				070D16511C22980E00484DD1 /* SecondViewController.swift */,
				070D16531C22980E00484DD1 /* Main.storyboard */,
				070D16561C22980E00484DD1 /* Assets.xcassets */,
				070D16581C22980E00484DD1 /* LaunchScreen.storyboard */,
				070D165B1C22980E00484DD1 /* Info.plist */,
			);
			path = AlamofireTest;
			sourceTree = "<group>";
		};
		070D16631C22980E00484DD1 /* AlamofireTestTests */ = {
			isa = PBXGroup;
			children = (
				070D16641C22980E00484DD1 /* AlamofireTestTests.swift */,
				070D16661C22980E00484DD1 /* Info.plist */,
			);
			path = AlamofireTestTests;
			sourceTree = "<group>";
		};
		070D16701C2298F200484DD1 /* Products */ = {
			isa = PBXGroup;
			children = (
				070D167A1C2298F200484DD1 /* Alamofire.framework */,
				070D167C1C2298F200484DD1 /* Alamofire iOS Tests.xctest */,
				070D167E1C2298F200484DD1 /* Alamofire.framework */,
				070D16801C2298F200484DD1 /* Alamofire OSX Tests.xctest */,
				070D16821C2298F200484DD1 /* Alamofire.framework */,
				070D16841C2298F200484DD1 /* Alamofire tvOS Tests.xctest */,
				070D16861C2298F200484DD1 /* Alamofire.framework */,
			);
			name = Products;
			sourceTree = "<group>";
		};
/* End PBXGroup section */

/* Begin PBXNativeTarget section */
		070D16491C22980E00484DD1 /* AlamofireTest */ = {
			isa = PBXNativeTarget;
			buildConfigurationList = 070D16691C22980E00484DD1 /* Build configuration list for PBXNativeTarget "AlamofireTest" */;
			buildPhases = (
				070D16461C22980E00484DD1 /* Sources */,
				070D16471C22980E00484DD1 /* Frameworks */,
				070D16481C22980E00484DD1 /* Resources */,
			);
			buildRules = (
			);
			dependencies = (
				070D16931C22CEAA00484DD1 /* PBXTargetDependency */,
			);
			name = AlamofireTest;
			productName = AlamofireTest;
			productReference = 070D164A1C22980E00484DD1 /* AlamofireTest.app */;
			productType = "com.apple.product-type.application";
		};
		070D165F1C22980E00484DD1 /* AlamofireTestTests */ = {
			isa = PBXNativeTarget;
			buildConfigurationList = 070D166C1C22980E00484DD1 /* Build configuration list for PBXNativeTarget "AlamofireTestTests" */;
			buildPhases = (
				070D165C1C22980E00484DD1 /* Sources */,
				070D165D1C22980E00484DD1 /* Frameworks */,
				070D165E1C22980E00484DD1 /* Resources */,
			);
			buildRules = (
			);
			dependencies = (
				070D16621C22980E00484DD1 /* PBXTargetDependency */,
			);
			name = AlamofireTestTests;
			productName = AlamofireTestTests;
			productReference = 070D16601C22980E00484DD1 /* AlamofireTestTests.xctest */;
			productType = "com.apple.product-type.bundle.unit-test";
		};
/* End PBXNativeTarget section */

/* Begin PBXProject section */
		070D16421C22980E00484DD1 /* Project object */ = {
			isa = PBXProject;
			attributes = {
				LastSwiftUpdateCheck = 0710;
				LastUpgradeCheck = 0710;
				ORGANIZATIONNAME = Sina;
				TargetAttributes = {
					070D16491C22980E00484DD1 = {
						CreatedOnToolsVersion = 7.1;
						DevelopmentTeam = U4MK627785;
					};
					070D165F1C22980E00484DD1 = {
						CreatedOnToolsVersion = 7.1;
						DevelopmentTeam = U4MK627785;
						TestTargetID = 070D16491C22980E00484DD1;
					};
				};
			};
			buildConfigurationList = 070D16451C22980E00484DD1 /* Build configuration list for PBXProject "AlamofireTest" */;
			compatibilityVersion = "Xcode 3.2";
			developmentRegion = English;
			hasScannedForEncodings = 0;
			knownRegions = (
				en,
				Base,
			);
			mainGroup = 070D16411C22980E00484DD1;
			productRefGroup = 070D164B1C22980E00484DD1 /* Products */;
			projectDirPath = "";
			projectReferences = (
				{
					ProductGroup = 070D16701C2298F200484DD1 /* Products */;
					ProjectRef = 070D166F1C2298F200484DD1 /* Alamofire.xcodeproj */;
				},
			);
			projectRoot = "";
			targets = (
				070D16491C22980E00484DD1 /* AlamofireTest */,
				070D165F1C22980E00484DD1 /* AlamofireTestTests */,
			);
		};
/* End PBXProject section */

/* Begin PBXReferenceProxy section */
		070D167A1C2298F200484DD1 /* Alamofire.framework */ = {
			isa = PBXReferenceProxy;
			fileType = wrapper.framework;
			path = Alamofire.framework;
			remoteRef = 070D16791C2298F200484DD1 /* PBXContainerItemProxy */;
			sourceTree = BUILT_PRODUCTS_DIR;
		};
		070D167C1C2298F200484DD1 /* Alamofire iOS Tests.xctest */ = {
			isa = PBXReferenceProxy;
			fileType = wrapper.cfbundle;
			path = "Alamofire iOS Tests.xctest";
			remoteRef = 070D167B1C2298F200484DD1 /* PBXContainerItemProxy */;
			sourceTree = BUILT_PRODUCTS_DIR;
		};
		070D167E1C2298F200484DD1 /* Alamofire.framework */ = {
			isa = PBXReferenceProxy;
			fileType = wrapper.framework;
			path = Alamofire.framework;
			remoteRef = 070D167D1C2298F200484DD1 /* PBXContainerItemProxy */;
			sourceTree = BUILT_PRODUCTS_DIR;
		};
		070D16801C2298F200484DD1 /* Alamofire OSX Tests.xctest */ = {
			isa = PBXReferenceProxy;
			fileType = wrapper.cfbundle;
			path = "Alamofire OSX Tests.xctest";
			remoteRef = 070D167F1C2298F200484DD1 /* PBXContainerItemProxy */;
			sourceTree = BUILT_PRODUCTS_DIR;
		};
		070D16821C2298F200484DD1 /* Alamofire.framework */ = {
			isa = PBXReferenceProxy;
			fileType = wrapper.framework;
			path = Alamofire.framework;
			remoteRef = 070D16811C2298F200484DD1 /* PBXContainerItemProxy */;
			sourceTree = BUILT_PRODUCTS_DIR;
		};
		070D16841C2298F200484DD1 /* Alamofire tvOS Tests.xctest */ = {
			isa = PBXReferenceProxy;
			fileType = wrapper.cfbundle;
			path = "Alamofire tvOS Tests.xctest";
			remoteRef = 070D16831C2298F200484DD1 /* PBXContainerItemProxy */;
			sourceTree = BUILT_PRODUCTS_DIR;
		};
		070D16861C2298F200484DD1 /* Alamofire.framework */ = {
			isa = PBXReferenceProxy;
			fileType = wrapper.framework;
			path = Alamofire.framework;
			remoteRef = 070D16851C2298F200484DD1 /* PBXContainerItemProxy */;
			sourceTree = BUILT_PRODUCTS_DIR;
		};
/* End PBXReferenceProxy section */

/* Begin PBXResourcesBuildPhase section */
		070D16481C22980E00484DD1 /* Resources */ = {
			isa = PBXResourcesBuildPhase;
			buildActionMask = 2147483647;
			files = (
				070D165A1C22980E00484DD1 /* LaunchScreen.storyboard in Resources */,
				070D16571C22980E00484DD1 /* Assets.xcassets in Resources */,
				070D16551C22980E00484DD1 /* Main.storyboard in Resources */,
			);
			runOnlyForDeploymentPostprocessing = 0;
		};
		070D165E1C22980E00484DD1 /* Resources */ = {
			isa = PBXResourcesBuildPhase;
			buildActionMask = 2147483647;
			files = (
			);
			runOnlyForDeploymentPostprocessing = 0;
		};
/* End PBXResourcesBuildPhase section */

/* Begin PBXSourcesBuildPhase section */
		070D16461C22980E00484DD1 /* Sources */ = {
			isa = PBXSourcesBuildPhase;
			buildActionMask = 2147483647;
			files = (
				070D16971C23FE3000484DD1 /* PhotoDetailsViewController.swift in Sources */,
				070D16521C22980E00484DD1 /* SecondViewController.swift in Sources */,
				070D16961C23FE3000484DD1 /* PhotoCommentsViewController.swift in Sources */,
				070D168B1C22AF5F00484DD1 /* Five100px.swift in Sources */,
				070D168D1C22BDB500484DD1 /* PhotoViewerViewController.swift in Sources */,
				070D164E1C22980E00484DD1 /* AppDelegate.swift in Sources */,
				070D16501C22980E00484DD1 /* PhotoBrowserCollectionViewController.swift in Sources */,
			);
			runOnlyForDeploymentPostprocessing = 0;
		};
		070D165C1C22980E00484DD1 /* Sources */ = {
			isa = PBXSourcesBuildPhase;
			buildActionMask = 2147483647;
			files = (
				070D16651C22980E00484DD1 /* AlamofireTestTests.swift in Sources */,
			);
			runOnlyForDeploymentPostprocessing = 0;
		};
/* End PBXSourcesBuildPhase section */

/* Begin PBXTargetDependency section */
		070D16621C22980E00484DD1 /* PBXTargetDependency */ = {
			isa = PBXTargetDependency;
			target = 070D16491C22980E00484DD1 /* AlamofireTest */;
			targetProxy = 070D16611C22980E00484DD1 /* PBXContainerItemProxy */;
		};
		070D16931C22CEAA00484DD1 /* PBXTargetDependency */ = {
			isa = PBXTargetDependency;
			name = "Alamofire iOS";
			targetProxy = 070D16921C22CEAA00484DD1 /* PBXContainerItemProxy */;
		};
/* End PBXTargetDependency section */

/* Begin PBXVariantGroup section */
		070D16531C22980E00484DD1 /* Main.storyboard */ = {
			isa = PBXVariantGroup;
			children = (
				070D16541C22980E00484DD1 /* Base */,
			);
			name = Main.storyboard;
			sourceTree = "<group>";
		};
		070D16581C22980E00484DD1 /* LaunchScreen.storyboard */ = {
			isa = PBXVariantGroup;
			children = (
				070D16591C22980E00484DD1 /* Base */,
			);
			name = LaunchScreen.storyboard;
			sourceTree = "<group>";
		};
/* End PBXVariantGroup section */

/* Begin XCBuildConfiguration section */
		070D16671C22980E00484DD1 /* Debug */ = {
			isa = XCBuildConfiguration;
			buildSettings = {
				ALWAYS_SEARCH_USER_PATHS = NO;
				CLANG_CXX_LANGUAGE_STANDARD = "gnu++0x";
				CLANG_CXX_LIBRARY = "libc++";
				CLANG_ENABLE_MODULES = YES;
				CLANG_ENABLE_OBJC_ARC = YES;
				CLANG_WARN_BOOL_CONVERSION = YES;
				CLANG_WARN_CONSTANT_CONVERSION = YES;
				CLANG_WARN_DIRECT_OBJC_ISA_USAGE = YES_ERROR;
				CLANG_WARN_EMPTY_BODY = YES;
				CLANG_WARN_ENUM_CONVERSION = YES;
				CLANG_WARN_INT_CONVERSION = YES;
				CLANG_WARN_OBJC_ROOT_CLASS = YES_ERROR;
				CLANG_WARN_UNREACHABLE_CODE = YES;
				CLANG_WARN__DUPLICATE_METHOD_MATCH = YES;
				"CODE_SIGN_IDENTITY[sdk=iphoneos*]" = "iPhone Developer";
				COPY_PHASE_STRIP = NO;
				DEBUG_INFORMATION_FORMAT = dwarf;
				ENABLE_STRICT_OBJC_MSGSEND = YES;
				ENABLE_TESTABILITY = YES;
				GCC_C_LANGUAGE_STANDARD = gnu99;
				GCC_DYNAMIC_NO_PIC = NO;
				GCC_NO_COMMON_BLOCKS = YES;
				GCC_OPTIMIZATION_LEVEL = 0;
				GCC_PREPROCESSOR_DEFINITIONS = (
					"DEBUG=1",
					"$(inherited)",
				);
				GCC_WARN_64_TO_32_BIT_CONVERSION = YES;
				GCC_WARN_ABOUT_RETURN_TYPE = YES_ERROR;
				GCC_WARN_UNDECLARED_SELECTOR = YES;
				GCC_WARN_UNINITIALIZED_AUTOS = YES_AGGRESSIVE;
				GCC_WARN_UNUSED_FUNCTION = YES;
				GCC_WARN_UNUSED_VARIABLE = YES;
				IPHONEOS_DEPLOYMENT_TARGET = 8.0;
				MTL_ENABLE_DEBUG_INFO = YES;
				ONLY_ACTIVE_ARCH = YES;
				SDKROOT = iphoneos;
				SWIFT_OPTIMIZATION_LEVEL = "-Onone";
			};
			name = Debug;
		};
		070D16681C22980E00484DD1 /* Release */ = {
			isa = XCBuildConfiguration;
			buildSettings = {
				ALWAYS_SEARCH_USER_PATHS = NO;
				CLANG_CXX_LANGUAGE_STANDARD = "gnu++0x";
				CLANG_CXX_LIBRARY = "libc++";
				CLANG_ENABLE_MODULES = YES;
				CLANG_ENABLE_OBJC_ARC = YES;
				CLANG_WARN_BOOL_CONVERSION = YES;
				CLANG_WARN_CONSTANT_CONVERSION = YES;
				CLANG_WARN_DIRECT_OBJC_ISA_USAGE = YES_ERROR;
				CLANG_WARN_EMPTY_BODY = YES;
				CLANG_WARN_ENUM_CONVERSION = YES;
				CLANG_WARN_INT_CONVERSION = YES;
				CLANG_WARN_OBJC_ROOT_CLASS = YES_ERROR;
				CLANG_WARN_UNREACHABLE_CODE = YES;
				CLANG_WARN__DUPLICATE_METHOD_MATCH = YES;
				"CODE_SIGN_IDENTITY[sdk=iphoneos*]" = "iPhone Developer";
				COPY_PHASE_STRIP = NO;
				DEBUG_INFORMATION_FORMAT = "dwarf-with-dsym";
				ENABLE_NS_ASSERTIONS = NO;
				ENABLE_STRICT_OBJC_MSGSEND = YES;
				GCC_C_LANGUAGE_STANDARD = gnu99;
				GCC_NO_COMMON_BLOCKS = YES;
				GCC_WARN_64_TO_32_BIT_CONVERSION = YES;
				GCC_WARN_ABOUT_RETURN_TYPE = YES_ERROR;
				GCC_WARN_UNDECLARED_SELECTOR = YES;
				GCC_WARN_UNINITIALIZED_AUTOS = YES_AGGRESSIVE;
				GCC_WARN_UNUSED_FUNCTION = YES;
				GCC_WARN_UNUSED_VARIABLE = YES;
				IPHONEOS_DEPLOYMENT_TARGET = 8.0;
				MTL_ENABLE_DEBUG_INFO = NO;
				SDKROOT = iphoneos;
				VALIDATE_PRODUCT = YES;
			};
			name = Release;
		};
		070D166A1C22980E00484DD1 /* Debug */ = {
			isa = XCBuildConfiguration;
			buildSettings = {
				ASSETCATALOG_COMPILER_APPICON_NAME = AppIcon;
				INFOPLIST_FILE = AlamofireTest/Info.plist;
				IPHONEOS_DEPLOYMENT_TARGET = 8.0;
				LD_RUNPATH_SEARCH_PATHS = "$(inherited) @executable_path/Frameworks";
				PRODUCT_BUNDLE_IDENTIFIER = com.sina.AlamofireTest;
				PRODUCT_NAME = "$(TARGET_NAME)";
			};
			name = Debug;
		};
		070D166B1C22980E00484DD1 /* Release */ = {
			isa = XCBuildConfiguration;
			buildSettings = {
				ASSETCATALOG_COMPILER_APPICON_NAME = AppIcon;
				INFOPLIST_FILE = AlamofireTest/Info.plist;
				IPHONEOS_DEPLOYMENT_TARGET = 8.0;
				LD_RUNPATH_SEARCH_PATHS = "$(inherited) @executable_path/Frameworks";
				PRODUCT_BUNDLE_IDENTIFIER = com.sina.AlamofireTest;
				PRODUCT_NAME = "$(TARGET_NAME)";
			};
			name = Release;
		};
		070D166D1C22980E00484DD1 /* Debug */ = {
			isa = XCBuildConfiguration;
			buildSettings = {
				BUNDLE_LOADER = "$(TEST_HOST)";
				INFOPLIST_FILE = AlamofireTestTests/Info.plist;
				LD_RUNPATH_SEARCH_PATHS = "$(inherited) @executable_path/Frameworks @loader_path/Frameworks";
				PRODUCT_BUNDLE_IDENTIFIER = com.sina.AlamofireTestTests;
				PRODUCT_NAME = "$(TARGET_NAME)";
				TEST_HOST = "$(BUILT_PRODUCTS_DIR)/AlamofireTest.app/AlamofireTest";
			};
			name = Debug;
		};
		070D166E1C22980E00484DD1 /* Release */ = {
			isa = XCBuildConfiguration;
			buildSettings = {
				BUNDLE_LOADER = "$(TEST_HOST)";
				INFOPLIST_FILE = AlamofireTestTests/Info.plist;
				LD_RUNPATH_SEARCH_PATHS = "$(inherited) @executable_path/Frameworks @loader_path/Frameworks";
				PRODUCT_BUNDLE_IDENTIFIER = com.sina.AlamofireTestTests;
				PRODUCT_NAME = "$(TARGET_NAME)";
				TEST_HOST = "$(BUILT_PRODUCTS_DIR)/AlamofireTest.app/AlamofireTest";
			};
			name = Release;
		};
/* End XCBuildConfiguration section */

/* Begin XCConfigurationList section */
		070D16451C22980E00484DD1 /* Build configuration list for PBXProject "AlamofireTest" */ = {
			isa = XCConfigurationList;
			buildConfigurations = (
				070D16671C22980E00484DD1 /* Debug */,
				070D16681C22980E00484DD1 /* Release */,
			);
			defaultConfigurationIsVisible = 0;
			defaultConfigurationName = Release;
		};
		070D16691C22980E00484DD1 /* Build configuration list for PBXNativeTarget "AlamofireTest" */ = {
			isa = XCConfigurationList;
			buildConfigurations = (
				070D166A1C22980E00484DD1 /* Debug */,
				070D166B1C22980E00484DD1 /* Release */,
			);
			defaultConfigurationIsVisible = 0;
		};
		070D166C1C22980E00484DD1 /* Build configuration list for PBXNativeTarget "AlamofireTestTests" */ = {
			isa = XCConfigurationList;
			buildConfigurations = (
				070D166D1C22980E00484DD1 /* Debug */,
				070D166E1C22980E00484DD1 /* Release */,
			);
			defaultConfigurationIsVisible = 0;
		};
/* End XCConfigurationList section */
	};
	rootObject = 070D16421C22980E00484DD1 /* Project object */;
}
